
Microsoft Visual Studio Solution File, Format Version 12.00
# Visual Studio Version 17
VisualStudioVersion = 17.14.36401.2 d17.14
MinimumVisualStudioVersion = 10.0.40219.1
Project("{888888A0-9F3D-457C-B088-3A5042F75D52}") = "oop part 2", "oop part 2.pyproj", "{DDE43BF5-4502-49EB-A5BB-7F82943996D6}"
EndProject
Global
	GlobalSection(SolutionConfigurationPlatforms) = preSolution
		Debug|Any CPU = Debug|Any CPU
		Release|Any CPU = Release|Any CPU
	EndGlobalSection
	GlobalSection(ProjectConfigurationPlatforms) = postSolution
		{DDE43BF5-4502-49EB-A5BB-7F82943996D6}.Debug|Any CPU.ActiveCfg = Debug|Any CPU
		{DDE43BF5-4502-49EB-A5BB-7F82943996D6}.Release|Any CPU.ActiveCfg = Release|Any CPU
	EndGlobalSection
	GlobalSection(SolutionProperties) = preSolution
		HideSolutionNode = FALSE
	EndGlobalSection
	GlobalSection(ExtensibilityGlobals) = postSolution
		SolutionGuid = {3268BFC4-244E-4A02-AFD8-1D1918EED4CA}
	EndGlobalSection
EndGlobal
